github.com/miu200521358/win v0.0.2 h1:ep138pJk2+SaLGeKZdXg8kQQBOdq3brHMImCbdOLSyI=
github.com/miu200521358/win v0.0.2/go.mod h1:blMY2DsLmjDMCkbu+gLsUtfoVK7D8A7KSjZlL3vdEbE=
golang.org/x/sys v0.0.0-20201018230417-eeed37f84f13 h1:5jaG59Zhd+8ZXe8C+lgiAGqkOaZBruqrWclLkgAww34=
golang.org/x/sys v0.0.0-20201018230417-eeed37f84f13/go.mod h1:h1NjWce9XRLGQEsW7wpKNCjG9DtNlClVuFLEZdDNbEs=
gopkg.in/Knetic/govaluate.v3 v3.0.0 h1:18mUyIt4ZlRlFZAAfVetz4/rzlJs9yhN+U02F4u1AOc=
gopkg.in/Knetic/govaluate.v3 v3.0.0/go.mod h1:csKLBORsPbafmSCGTEh3U7Ozmsuq8ZSIlKk1bcqph0E=
